
Microsoft Visual Studio Solution File, Format Version 12.00
# Visual Studio 2012
Project("{FAE04EC0-301F-11D3-BF4B-00C04F79EFBC}") = "DependencyInjection", "DependencyInjection\DependencyInjection.csproj", "{EB320AD6-538B-45AB-9BC6-DC7766B2E6EA}"
EndProject
Global
	GlobalSection(SolutionConfigurationPlatforms) = preSolution
		Debug|Any CPU = Debug|Any CPU
		Release|Any CPU = Release|Any CPU
	EndGlobalSection
	GlobalSection(ProjectConfigurationPlatforms) = postSolution
		{EB320AD6-538B-45AB-9BC6-DC7766B2E6EA}.Debug|Any CPU.ActiveCfg = Debug|Any CPU
		{EB320AD6-538B-45AB-9BC6-DC7766B2E6EA}.Debug|Any CPU.Build.0 = Debug|Any CPU
		{EB320AD6-538B-45AB-9BC6-DC7766B2E6EA}.Release|Any CPU.ActiveCfg = Release|Any CPU
		{EB320AD6-538B-45AB-9BC6-DC7766B2E6EA}.Release|Any CPU.Build.0 = Release|Any CPU
	EndGlobalSection
	GlobalSection(SolutionProperties) = preSolution
		HideSolutionNode = FALSE
	EndGlobalSection
EndGlobal
